
Microsoft Visual Studio Solution File, Format Version 12.00
# Visual Studio Version 17
VisualStudioVersion = 17.2.32616.157
MinimumVisualStudioVersion = 10.0.40219.1
Project("{FAE04EC0-301F-11D3-BF4B-00C04F79EFBC}") = "csharp-snacks-1", "csharp-snacks-1.csproj", "{88EE0D3C-2849-47EA-8720-5B4768090D07}"
EndProject
Global
	GlobalSection(SolutionConfigurationPlatforms) = preSolution
		Debug|Any CPU = Debug|Any CPU
		Release|Any CPU = Release|Any CPU
	EndGlobalSection
	GlobalSection(ProjectConfigurationPlatforms) = postSolution
		{88EE0D3C-2849-47EA-8720-5B4768090D07}.Debug|Any CPU.ActiveCfg = Debug|Any CPU
		{88EE0D3C-2849-47EA-8720-5B4768090D07}.Debug|Any CPU.Build.0 = Debug|Any CPU
		{88EE0D3C-2849-47EA-8720-5B4768090D07}.Release|Any CPU.ActiveCfg = Release|Any CPU
		{88EE0D3C-2849-47EA-8720-5B4768090D07}.Release|Any CPU.Build.0 = Release|Any CPU
	EndGlobalSection
	GlobalSection(SolutionProperties) = preSolution
		HideSolutionNode = FALSE
	EndGlobalSection
	GlobalSection(ExtensibilityGlobals) = postSolution
		SolutionGuid = {1B1A0174-0F0F-4F84-9E62-6F201B89A5EC}
	EndGlobalSection
EndGlobal
